
Microsoft Visual Studio Solution File, Format Version 12.00
# Visual Studio Version 17
VisualStudioVersion = 17.5.002.0
MinimumVisualStudioVersion = 10.0.40219.1
Project("{9A19103F-16F7-4668-BE54-9A1E7A4F7556}") = "trial", "trial.csproj", "{DB96A07C-EF49-4726-8B80-6D3E5FC7C6F6}"
EndProject
Global
	GlobalSection(SolutionConfigurationPlatforms) = preSolution
		Debug|Any CPU = Debug|Any CPU
		Release|Any CPU = Release|Any CPU
	EndGlobalSection
	GlobalSection(ProjectConfigurationPlatforms) = postSolution
		{DB96A07C-EF49-4726-8B80-6D3E5FC7C6F6}.Debug|Any CPU.ActiveCfg = Debug|Any CPU
		{DB96A07C-EF49-4726-8B80-6D3E5FC7C6F6}.Debug|Any CPU.Build.0 = Debug|Any CPU
		{DB96A07C-EF49-4726-8B80-6D3E5FC7C6F6}.Release|Any CPU.ActiveCfg = Release|Any CPU
		{DB96A07C-EF49-4726-8B80-6D3E5FC7C6F6}.Release|Any CPU.Build.0 = Release|Any CPU
	EndGlobalSection
	GlobalSection(SolutionProperties) = preSolution
		HideSolutionNode = FALSE
	EndGlobalSection
	GlobalSection(ExtensibilityGlobals) = postSolution
		SolutionGuid = {96B2A860-96A1-4E89-819E-A0CE612AB2C4}
	EndGlobalSection
EndGlobal
